
Microsoft Visual Studio Solution File, Format Version 12.00
# Visual Studio 15
VisualStudioVersion = 15.0.28010.2036
MinimumVisualStudioVersion = 10.0.40219.1
Project("{FAE04EC0-301F-11D3-BF4B-00C04F79EFBC}") = "midterm", "midterm\midterm.csproj", "{998C7B67-AE36-4EF6-ACB0-53D275B5C723}"
EndProject
Global
	GlobalSection(SolutionConfigurationPlatforms) = preSolution
		Debug|Any CPU = Debug|Any CPU
		Release|Any CPU = Release|Any CPU
	EndGlobalSection
	GlobalSection(ProjectConfigurationPlatforms) = postSolution
		{998C7B67-AE36-4EF6-ACB0-53D275B5C723}.Debug|Any CPU.ActiveCfg = Debug|Any CPU
		{998C7B67-AE36-4EF6-ACB0-53D275B5C723}.Debug|Any CPU.Build.0 = Debug|Any CPU
		{998C7B67-AE36-4EF6-ACB0-53D275B5C723}.Release|Any CPU.ActiveCfg = Release|Any CPU
		{998C7B67-AE36-4EF6-ACB0-53D275B5C723}.Release|Any CPU.Build.0 = Release|Any CPU
	EndGlobalSection
	GlobalSection(SolutionProperties) = preSolution
		HideSolutionNode = FALSE
	EndGlobalSection
	GlobalSection(ExtensibilityGlobals) = postSolution
		SolutionGuid = {0B057F4E-13FB-4B08-A57C-F68B7DE88B9D}
	EndGlobalSection
EndGlobal
